
Microsoft Visual Studio Solution File, Format Version 12.00
# Visual Studio Version 17
VisualStudioVersion = 17.9.34616.47
MinimumVisualStudioVersion = 10.0.40219.1
Project("{FAE04EC0-301F-11D3-BF4B-00C04F79EFBC}") = "EpiHotel", "EpiHotel.csproj", "{06D96842-4587-4CA4-9B5B-B4992054DE91}"
EndProject
Global
	GlobalSection(SolutionConfigurationPlatforms) = preSolution
		Debug|Any CPU = Debug|Any CPU
		Release|Any CPU = Release|Any CPU
	EndGlobalSection
	GlobalSection(ProjectConfigurationPlatforms) = postSolution
		{06D96842-4587-4CA4-9B5B-B4992054DE91}.Debug|Any CPU.ActiveCfg = Debug|Any CPU
		{06D96842-4587-4CA4-9B5B-B4992054DE91}.Debug|Any CPU.Build.0 = Debug|Any CPU
		{06D96842-4587-4CA4-9B5B-B4992054DE91}.Release|Any CPU.ActiveCfg = Release|Any CPU
		{06D96842-4587-4CA4-9B5B-B4992054DE91}.Release|Any CPU.Build.0 = Release|Any CPU
	EndGlobalSection
	GlobalSection(SolutionProperties) = preSolution
		HideSolutionNode = FALSE
	EndGlobalSection
	GlobalSection(ExtensibilityGlobals) = postSolution
		SolutionGuid = {E33F1DA0-AB1F-4F45-93EE-B977A1B031CC}
	EndGlobalSection
EndGlobal
